# THIS IS AN AUTOGENERATED FILE. DO NOT EDIT THIS FILE DIRECTLY.
# yarn lockfile v1


ansi-styles@^3.2.1:
  version "3.2.1"
  resolved "http://repo1.uhc.com/artifactory/api/npm/npm-virtual/ansi-styles/-/ansi-styles-3.2.1.tgz#41fbb20243e50b12be0f04b8dedbf07520ce841d"
  dependencies:
    color-convert "^1.9.0"

chalk@^2.4.1:
  version "2.4.1"
  resolved "http://repo1.uhc.com/artifactory/api/npm/npm-virtual/chalk/-/chalk-2.4.1.tgz#18c49ab16a037b6eb0152cc83e3471338215b66e"
  dependencies:
    ansi-styles "^3.2.1"
    escape-string-regexp "^1.0.5"
    supports-color "^5.3.0"

color-convert@^1.9.0:
  version "1.9.1"
  resolved "http://repo1.uhc.com/artifactory/api/npm/npm-virtual/color-convert/-/color-convert-1.9.1.tgz#c1261107aeb2f294ebffec9ed9ecad529a6097ed"
  dependencies:
    color-name "^1.1.1"

color-name@^1.1.1:
  version "1.1.3"
  resolved "http://repo1.uhc.com/artifactory/api/npm/npm-virtual/color-name/-/color-name-1.1.3.tgz#a7d0558bd89c42f795dd42328f740831ca53bc25"

commander@^2.15.1:
  version "2.15.1"
  resolved "http://repo1.uhc.com/artifactory/api/npm/npm-virtual/commander/-/commander-2.15.1.tgz#df46e867d0fc2aec66a34662b406a9ccafff5b0f"

create-file@^1.0.1:
  version "1.0.1"
  resolved "http://repo1.uhc.com/artifactory/api/npm/npm-virtual/create-file/-/create-file-1.0.1.tgz#8e449eebc3c61df2cd601b7fa0a421e2988fba3e"
  dependencies:
    is-existing-file "^1.0.0"
    safe-write-file "^1.0.1"

escape-string-regexp@^1.0.5:
  version "1.0.5"
  resolved "http://repo1.uhc.com/artifactory/api/npm/npm-virtual/escape-string-regexp/-/escape-string-regexp-1.0.5.tgz#1b61c0562190a8dff6ae3bb2cf0200ca130b86d4"

has-flag@^3.0.0:
  version "3.0.0"
  resolved "http://repo1.uhc.com/artifactory/api/npm/npm-virtual/has-flag/-/has-flag-3.0.0.tgz#b5d454dc2199ae225699f3467e5a07f3b955bafd"

inherits@2.0.1:
  version "2.0.1"
  resolved "http://repo1.uhc.com/artifactory/api/npm/npm-virtual/inherits/-/inherits-2.0.1.tgz#b17d08d326b4423e568eff719f91b0b1cbdf69f1"

is-existing-file@^1.0.0:
  version "1.0.0"
  resolved "http://repo1.uhc.com/artifactory/api/npm/npm-virtual/is-existing-file/-/is-existing-file-1.0.0.tgz#d5ac7d68d124565f9824c7d630bde153d0543ed4"

minimist@0.0.8:
  version "0.0.8"
  resolved "http://repo1.uhc.com/artifactory/api/npm/npm-virtual/minimist/-/minimist-0.0.8.tgz#857fcabfc3397d2625b8228262e86aa7a011b05d"

mkdirp@^0.5.0, mkdirp@^0.5.1:
  version "0.5.1"
  resolved "http://repo1.uhc.com/artifactory/api/npm/npm-virtual/mkdirp/-/mkdirp-0.5.1.tgz#30057438eac6cf7f8c4767f38648d6697d75c903"
  dependencies:
    minimist "0.0.8"

path@^0.12.7:
  version "0.12.7"
  resolved "http://repo1.uhc.com/artifactory/api/npm/npm-virtual/path/-/path-0.12.7.tgz#d4dc2a506c4ce2197eb481ebfcd5b36c0140b10f"
  dependencies:
    process "^0.11.1"
    util "^0.10.3"

process@^0.11.1:
  version "0.11.10"
  resolved "http://repo1.uhc.com/artifactory/api/npm/npm-virtual/process/-/process-0.11.10.tgz#7332300e840161bda3e69a1d1d91a7d4bc16f182"

safe-write-file@^1.0.1:
  version "1.1.2"
  resolved "http://repo1.uhc.com/artifactory/api/npm/npm-virtual/safe-write-file/-/safe-write-file-1.1.2.tgz#9056982c2ff259919337ca70e0f4deef915328da"
  dependencies:
    mkdirp "^0.5.0"

supports-color@^5.3.0:
  version "5.4.0"
  resolved "http://repo1.uhc.com/artifactory/api/npm/npm-virtual/supports-color/-/supports-color-5.4.0.tgz#1c6b337402c2137605efe19f10fec390f6faab54"
  dependencies:
    has-flag "^3.0.0"

util@^0.10.3:
  version "0.10.3"
  resolved "http://repo1.uhc.com/artifactory/api/npm/npm-virtual/util/-/util-0.10.3.tgz#7afb1afe50805246489e3db7fe0ed379336ac0f9"
  dependencies:
    inherits "2.0.1"
